github.com/anatolethien/ascii-art v0.0.0-20210803222117-a6c94bfaaf4c h1:JVtI13AtfmCOf2IBEcCXGdYjDeIlTn5VNO+uBGZPcY0=
github.com/anatolethien/ascii-art v0.0.0-20210803222117-a6c94bfaaf4c/go.mod h1:44jRSm9G6xfUQOvNd3WGKENnEo0yGfNW05UfczLS/BM=
github.com/anatolethien/go-reloaded v0.0.0-20210711003223-5646941bdefe h1:WnKFnwAHuXVV0nqIdtoP9kS3CJHod51CVA/QPcwOm38=
github.com/anatolethien/go-reloaded v0.0.0-20210711003223-5646941bdefe/go.mod h1:y6tyJUrwPIg0cR3FAFhMiuWDefDU1WBTIdHdqTbKdqA=
